// !$*UTF8*$!
{
	archiveVersion = 1;
	classes = {
	};
	objectVersion = 46;
	objects = {

/* Begin PBXBuildFile section */
		9BC787081B14A93E00E8AB9F /* AppDelegate.swift in Sources */ = {isa = PBXBuildFile; fileRef = 9BC787071B14A93E00E8AB9F /* AppDelegate.swift */; };
		9BC7870A1B14A93E00E8AB9F /* Images.xcassets in Resources */ = {isa = PBXBuildFile; fileRef = 9BC787091B14A93E00E8AB9F /* Images.xcassets */; };
		9BC7870D1B14A93E00E8AB9F /* MainMenu.xib in Resources */ = {isa = PBXBuildFile; fileRef = 9BC7870B1B14A93E00E8AB9F /* MainMenu.xib */; };
		9BC787191B14A93E00E8AB9F /* SpeakLineTests.swift in Sources */ = {isa = PBXBuildFile; fileRef = 9BC787181B14A93E00E8AB9F /* SpeakLineTests.swift */; };
		9BC787241B14A9BC00E8AB9F /* MainWindowController.swift in Sources */ = {isa = PBXBuildFile; fileRef = 9BC787221B14A9BC00E8AB9F /* MainWindowController.swift */; };
		9BC787251B14A9BC00E8AB9F /* MainWindowController.swift in Sources */ = {isa = PBXBuildFile; fileRef = 9BC787221B14A9BC00E8AB9F /* MainWindowController.swift */; };
		9BC787261B14A9BC00E8AB9F /* MainWindowController.xib in Resources */ = {isa = PBXBuildFile; fileRef = 9BC787231B14A9BC00E8AB9F /* MainWindowController.xib */; };
		9BC787271B14A9BC00E8AB9F /* MainWindowController.xib in Resources */ = {isa = PBXBuildFile; fileRef = 9BC787231B14A9BC00E8AB9F /* MainWindowController.xib */; };
/* End PBXBuildFile section */

/* Begin PBXContainerItemProxy section */
		9BC787131B14A93E00E8AB9F /* PBXContainerItemProxy */ = {
			isa = PBXContainerItemProxy;
			containerPortal = 9BC786FA1B14A93E00E8AB9F /* Project object */;
			proxyType = 1;
			remoteGlobalIDString = 9BC787011B14A93E00E8AB9F;
			remoteInfo = SpeakLine;
		};
/* End PBXContainerItemProxy section */

/* Begin PBXFileReference section */
		9BC787021B14A93E00E8AB9F /* SpeakLine.app */ = {isa = PBXFileReference; explicitFileType = wrapper.application; includeInIndex = 0; path = SpeakLine.app; sourceTree = BUILT_PRODUCTS_DIR; };
		9BC787061B14A93E00E8AB9F /* Info.plist */ = {isa = PBXFileReference; lastKnownFileType = text.plist.xml; path = Info.plist; sourceTree = "<group>"; };
		9BC787071B14A93E00E8AB9F /* AppDelegate.swift */ = {isa = PBXFileReference; lastKnownFileType = sourcecode.swift; path = AppDelegate.swift; sourceTree = "<group>"; };
		9BC787091B14A93E00E8AB9F /* Images.xcassets */ = {isa = PBXFileReference; lastKnownFileType = folder.assetcatalog; path = Images.xcassets; sourceTree = "<group>"; };
		9BC7870C1B14A93E00E8AB9F /* Base */ = {isa = PBXFileReference; lastKnownFileType = file.xib; name = Base; path = Base.lproj/MainMenu.xib; sourceTree = "<group>"; };
		9BC787121B14A93E00E8AB9F /* SpeakLineTests.xctest */ = {isa = PBXFileReference; explicitFileType = wrapper.cfbundle; includeInIndex = 0; path = SpeakLineTests.xctest; sourceTree = BUILT_PRODUCTS_DIR; };
		9BC787171B14A93E00E8AB9F /* Info.plist */ = {isa = PBXFileReference; lastKnownFileType = text.plist.xml; path = Info.plist; sourceTree = "<group>"; };
		9BC787181B14A93E00E8AB9F /* SpeakLineTests.swift */ = {isa = PBXFileReference; lastKnownFileType = sourcecode.swift; path = SpeakLineTests.swift; sourceTree = "<group>"; };
		9BC787221B14A9BC00E8AB9F /* MainWindowController.swift */ = {isa = PBXFileReference; fileEncoding = 4; lastKnownFileType = sourcecode.swift; path = MainWindowController.swift; sourceTree = "<group>"; };
		9BC787231B14A9BC00E8AB9F /* MainWindowController.xib */ = {isa = PBXFileReference; fileEncoding = 4; lastKnownFileType = file.xib; path = MainWindowController.xib; sourceTree = "<group>"; };
/* End PBXFileReference section */

/* Begin PBXFrameworksBuildPhase section */
		9BC786FF1B14A93E00E8AB9F /* Frameworks */ = {
			isa = PBXFrameworksBuildPhase;
			buildActionMask = 2147483647;
			files = (
			);
			runOnlyForDeploymentPostprocessing = 0;
		};
		9BC7870F1B14A93E00E8AB9F /* Frameworks */ = {
			isa = PBXFrameworksBuildPhase;
			buildActionMask = 2147483647;
			files = (
			);
			runOnlyForDeploymentPostprocessing = 0;
		};
/* End PBXFrameworksBuildPhase section */

/* Begin PBXGroup section */
		9BC786F91B14A93E00E8AB9F = {
			isa = PBXGroup;
			children = (
				9BC787041B14A93E00E8AB9F /* SpeakLine */,
				9BC787151B14A93E00E8AB9F /* SpeakLineTests */,
				9BC787031B14A93E00E8AB9F /* Products */,
			);
			sourceTree = "<group>";
		};
		9BC787031B14A93E00E8AB9F /* Products */ = {
			isa = PBXGroup;
			children = (
				9BC787021B14A93E00E8AB9F /* SpeakLine.app */,
				9BC787121B14A93E00E8AB9F /* SpeakLineTests.xctest */,
			);
			name = Products;
			sourceTree = "<group>";
		};
		9BC787041B14A93E00E8AB9F /* SpeakLine */ = {
			isa = PBXGroup;
			children = (
				9BC787071B14A93E00E8AB9F /* AppDelegate.swift */,
				9BC787091B14A93E00E8AB9F /* Images.xcassets */,
				9BC7870B1B14A93E00E8AB9F /* MainMenu.xib */,
				9BC787051B14A93E00E8AB9F /* Supporting Files */,
				9BC787221B14A9BC00E8AB9F /* MainWindowController.swift */,
				9BC787231B14A9BC00E8AB9F /* MainWindowController.xib */,
			);
			path = SpeakLine;
			sourceTree = "<group>";
		};
		9BC787051B14A93E00E8AB9F /* Supporting Files */ = {
			isa = PBXGroup;
			children = (
				9BC787061B14A93E00E8AB9F /* Info.plist */,
			);
			name = "Supporting Files";
			sourceTree = "<group>";
		};
		9BC787151B14A93E00E8AB9F /* SpeakLineTests */ = {
			isa = PBXGroup;
			children = (
				9BC787181B14A93E00E8AB9F /* SpeakLineTests.swift */,
				9BC787161B14A93E00E8AB9F /* Supporting Files */,
			);
			path = SpeakLineTests;
			sourceTree = "<group>";
		};
		9BC787161B14A93E00E8AB9F /* Supporting Files */ = {
			isa = PBXGroup;
			children = (
				9BC787171B14A93E00E8AB9F /* Info.plist */,
			);
			name = "Supporting Files";
			sourceTree = "<group>";
		};
/* End PBXGroup section */

/* Begin PBXNativeTarget section */
		9BC787011B14A93E00E8AB9F /* SpeakLine */ = {
			isa = PBXNativeTarget;
			buildConfigurationList = 9BC7871C1B14A93E00E8AB9F /* Build configuration list for PBXNativeTarget "SpeakLine" */;
			buildPhases = (
				9BC786FE1B14A93E00E8AB9F /* Sources */,
				9BC786FF1B14A93E00E8AB9F /* Frameworks */,
				9BC787001B14A93E00E8AB9F /* Resources */,
			);
			buildRules = (
			);
			dependencies = (
			);
			name = SpeakLine;
			productName = SpeakLine;
			productReference = 9BC787021B14A93E00E8AB9F /* SpeakLine.app */;
			productType = "com.apple.product-type.application";
		};
		9BC787111B14A93E00E8AB9F /* SpeakLineTests */ = {
			isa = PBXNativeTarget;
			buildConfigurationList = 9BC7871F1B14A93E00E8AB9F /* Build configuration list for PBXNativeTarget "SpeakLineTests" */;
			buildPhases = (
				9BC7870E1B14A93E00E8AB9F /* Sources */,
				9BC7870F1B14A93E00E8AB9F /* Frameworks */,
				9BC787101B14A93E00E8AB9F /* Resources */,
			);
			buildRules = (
			);
			dependencies = (
				9BC787141B14A93E00E8AB9F /* PBXTargetDependency */,
			);
			name = SpeakLineTests;
			productName = SpeakLineTests;
			productReference = 9BC787121B14A93E00E8AB9F /* SpeakLineTests.xctest */;
			productType = "com.apple.product-type.bundle.unit-test";
		};
/* End PBXNativeTarget section */

/* Begin PBXProject section */
		9BC786FA1B14A93E00E8AB9F /* Project object */ = {
			isa = PBXProject;
			attributes = {
				LastUpgradeCheck = 0630;
				ORGANIZATIONNAME = fmcauley;
				TargetAttributes = {
					9BC787011B14A93E00E8AB9F = {
						CreatedOnToolsVersion = 6.3.2;
					};
					9BC787111B14A93E00E8AB9F = {
						CreatedOnToolsVersion = 6.3.2;
						TestTargetID = 9BC787011B14A93E00E8AB9F;
					};
				};
			};
			buildConfigurationList = 9BC786FD1B14A93E00E8AB9F /* Build configuration list for PBXProject "SpeakLine" */;
			compatibilityVersion = "Xcode 3.2";
			developmentRegion = English;
			hasScannedForEncodings = 0;
			knownRegions = (
				en,
				Base,
			);
			mainGroup = 9BC786F91B14A93E00E8AB9F;
			productRefGroup = 9BC787031B14A93E00E8AB9F /* Products */;
			projectDirPath = "";
			projectRoot = "";
			targets = (
				9BC787011B14A93E00E8AB9F /* SpeakLine */,
				9BC787111B14A93E00E8AB9F /* SpeakLineTests */,
			);
		};
/* End PBXProject section */

/* Begin PBXResourcesBuildPhase section */
		9BC787001B14A93E00E8AB9F /* Resources */ = {
			isa = PBXResourcesBuildPhase;
			buildActionMask = 2147483647;
			files = (
				9BC7870A1B14A93E00E8AB9F /* Images.xcassets in Resources */,
				9BC787261B14A9BC00E8AB9F /* MainWindowController.xib in Resources */,
				9BC7870D1B14A93E00E8AB9F /* MainMenu.xib in Resources */,
			);
			runOnlyForDeploymentPostprocessing = 0;
		};
		9BC787101B14A93E00E8AB9F /* Resources */ = {
			isa = PBXResourcesBuildPhase;
			buildActionMask = 2147483647;
			files = (
				9BC787271B14A9BC00E8AB9F /* MainWindowController.xib in Resources */,
			);
			runOnlyForDeploymentPostprocessing = 0;
		};
/* End PBXResourcesBuildPhase section */

/* Begin PBXSourcesBuildPhase section */
		9BC786FE1B14A93E00E8AB9F /* Sources */ = {
			isa = PBXSourcesBuildPhase;
			buildActionMask = 2147483647;
			files = (
				9BC787241B14A9BC00E8AB9F /* MainWindowController.swift in Sources */,
				9BC787081B14A93E00E8AB9F /* AppDelegate.swift in Sources */,
			);
			runOnlyForDeploymentPostprocessing = 0;
		};
		9BC7870E1B14A93E00E8AB9F /* Sources */ = {
			isa = PBXSourcesBuildPhase;
			buildActionMask = 2147483647;
			files = (
				9BC787251B14A9BC00E8AB9F /* MainWindowController.swift in Sources */,
				9BC787191B14A93E00E8AB9F /* SpeakLineTests.swift in Sources */,
			);
			runOnlyForDeploymentPostprocessing = 0;
		};
/* End PBXSourcesBuildPhase section */

/* Begin PBXTargetDependency section */
		9BC787141B14A93E00E8AB9F /* PBXTargetDependency */ = {
			isa = PBXTargetDependency;
			target = 9BC787011B14A93E00E8AB9F /* SpeakLine */;
			targetProxy = 9BC787131B14A93E00E8AB9F /* PBXContainerItemProxy */;
		};
/* End PBXTargetDependency section */

/* Begin PBXVariantGroup section */
		9BC7870B1B14A93E00E8AB9F /* MainMenu.xib */ = {
			isa = PBXVariantGroup;
			children = (
				9BC7870C1B14A93E00E8AB9F /* Base */,
			);
			name = MainMenu.xib;
			sourceTree = "<group>";
		};
/* End PBXVariantGroup section */

/* Begin XCBuildConfiguration section */
		9BC7871A1B14A93E00E8AB9F /* Debug */ = {
			isa = XCBuildConfiguration;
			buildSettings = {
				ALWAYS_SEARCH_USER_PATHS = NO;
				CLANG_CXX_LANGUAGE_STANDARD = "gnu++0x";
				CLANG_CXX_LIBRARY = "libc++";
				CLANG_ENABLE_MODULES = YES;
				CLANG_ENABLE_OBJC_ARC = YES;
				CLANG_WARN_BOOL_CONVERSION = YES;
				CLANG_WARN_CONSTANT_CONVERSION = YES;
				CLANG_WARN_DIRECT_OBJC_ISA_USAGE = YES_ERROR;
				CLANG_WARN_EMPTY_BODY = YES;
				CLANG_WARN_ENUM_CONVERSION = YES;
				CLANG_WARN_INT_CONVERSION = YES;
				CLANG_WARN_OBJC_ROOT_CLASS = YES_ERROR;
				CLANG_WARN_UNREACHABLE_CODE = YES;
				CLANG_WARN__DUPLICATE_METHOD_MATCH = YES;
				CODE_SIGN_IDENTITY = "-";
				COPY_PHASE_STRIP = NO;
				DEBUG_INFORMATION_FORMAT = dwarf;
				ENABLE_STRICT_OBJC_MSGSEND = YES;
				GCC_C_LANGUAGE_STANDARD = gnu99;
				GCC_DYNAMIC_NO_PIC = NO;
				GCC_NO_COMMON_BLOCKS = YES;
				GCC_OPTIMIZATION_LEVEL = 0;
				GCC_PREPROCESSOR_DEFINITIONS = (
					"DEBUG=1",
					"$(inherited)",
				);
				GCC_SYMBOLS_PRIVATE_EXTERN = NO;
				GCC_WARN_64_TO_32_BIT_CONVERSION = YES;
				GCC_WARN_ABOUT_RETURN_TYPE = YES_ERROR;
				GCC_WARN_UNDECLARED_SELECTOR = YES;
				GCC_WARN_UNINITIALIZED_AUTOS = YES_AGGRESSIVE;
				GCC_WARN_UNUSED_FUNCTION = YES;
				GCC_WARN_UNUSED_VARIABLE = YES;
				MACOSX_DEPLOYMENT_TARGET = 10.10;
				MTL_ENABLE_DEBUG_INFO = YES;
				ONLY_ACTIVE_ARCH = YES;
				SDKROOT = macosx;
				SWIFT_OPTIMIZATION_LEVEL = "-Onone";
			};
			name = Debug;
		};
		9BC7871B1B14A93E00E8AB9F /* Release */ = {
			isa = XCBuildConfiguration;
			buildSettings = {
				ALWAYS_SEARCH_USER_PATHS = NO;
				CLANG_CXX_LANGUAGE_STANDARD = "gnu++0x";
				CLANG_CXX_LIBRARY = "libc++";
				CLANG_ENABLE_MODULES = YES;
				CLANG_ENABLE_OBJC_ARC = YES;
				CLANG_WARN_BOOL_CONVERSION = YES;
				CLANG_WARN_CONSTANT_CONVERSION = YES;
				CLANG_WARN_DIRECT_OBJC_ISA_USAGE = YES_ERROR;
				CLANG_WARN_EMPTY_BODY = YES;
				CLANG_WARN_ENUM_CONVERSION = YES;
				CLANG_WARN_INT_CONVERSION = YES;
				CLANG_WARN_OBJC_ROOT_CLASS = YES_ERROR;
				CLANG_WARN_UNREACHABLE_CODE = YES;
				CLANG_WARN__DUPLICATE_METHOD_MATCH = YES;
				CODE_SIGN_IDENTITY = "-";
				COPY_PHASE_STRIP = NO;
				DEBUG_INFORMATION_FORMAT = "dwarf-with-dsym";
				ENABLE_NS_ASSERTIONS = NO;
				ENABLE_STRICT_OBJC_MSGSEND = YES;
				GCC_C_LANGUAGE_STANDARD = gnu99;
				GCC_NO_COMMON_BLOCKS = YES;
				GCC_WARN_64_TO_32_BIT_CONVERSION = YES;
				GCC_WARN_ABOUT_RETURN_TYPE = YES_ERROR;
				GCC_WARN_UNDECLARED_SELECTOR = YES;
				GCC_WARN_UNINITIALIZED_AUTOS = YES_AGGRESSIVE;
				GCC_WARN_UNUSED_FUNCTION = YES;
				GCC_WARN_UNUSED_VARIABLE = YES;
				MACOSX_DEPLOYMENT_TARGET = 10.10;
				MTL_ENABLE_DEBUG_INFO = NO;
				SDKROOT = macosx;
			};
			name = Release;
		};
		9BC7871D1B14A93E00E8AB9F /* Debug */ = {
			isa = XCBuildConfiguration;
			buildSettings = {
				ASSETCATALOG_COMPILER_APPICON_NAME = AppIcon;
				COMBINE_HIDPI_IMAGES = YES;
				INFOPLIST_FILE = SpeakLine/Info.plist;
				LD_RUNPATH_SEARCH_PATHS = "$(inherited) @executable_path/../Frameworks";
				PRODUCT_NAME = "$(TARGET_NAME)";
			};
			name = Debug;
		};
		9BC7871E1B14A93E00E8AB9F /* Release */ = {
			isa = XCBuildConfiguration;
			buildSettings = {
				ASSETCATALOG_COMPILER_APPICON_NAME = AppIcon;
				COMBINE_HIDPI_IMAGES = YES;
				INFOPLIST_FILE = SpeakLine/Info.plist;
				LD_RUNPATH_SEARCH_PATHS = "$(inherited) @executable_path/../Frameworks";
				PRODUCT_NAME = "$(TARGET_NAME)";
			};
			name = Release;
		};
		9BC787201B14A93E00E8AB9F /* Debug */ = {
			isa = XCBuildConfiguration;
			buildSettings = {
				BUNDLE_LOADER = "$(TEST_HOST)";
				COMBINE_HIDPI_IMAGES = YES;
				FRAMEWORK_SEARCH_PATHS = (
					"$(DEVELOPER_FRAMEWORKS_DIR)",
					"$(inherited)",
				);
				GCC_PREPROCESSOR_DEFINITIONS = (
					"DEBUG=1",
					"$(inherited)",
				);
				INFOPLIST_FILE = SpeakLineTests/Info.plist;
				LD_RUNPATH_SEARCH_PATHS = "$(inherited) @executable_path/../Frameworks @loader_path/../Frameworks";
				PRODUCT_NAME = "$(TARGET_NAME)";
				TEST_HOST = "$(BUILT_PRODUCTS_DIR)/SpeakLine.app/Contents/MacOS/SpeakLine";
			};
			name = Debug;
		};
		9BC787211B14A93E00E8AB9F /* Release */ = {
			isa = XCBuildConfiguration;
			buildSettings = {
				BUNDLE_LOADER = "$(TEST_HOST)";
				COMBINE_HIDPI_IMAGES = YES;
				FRAMEWORK_SEARCH_PATHS = (
					"$(DEVELOPER_FRAMEWORKS_DIR)",
					"$(inherited)",
				);
				INFOPLIST_FILE = SpeakLineTests/Info.plist;
				LD_RUNPATH_SEARCH_PATHS = "$(inherited) @executable_path/../Frameworks @loader_path/../Frameworks";
				PRODUCT_NAME = "$(TARGET_NAME)";
				TEST_HOST = "$(BUILT_PRODUCTS_DIR)/SpeakLine.app/Contents/MacOS/SpeakLine";
			};
			name = Release;
		};
/* End XCBuildConfiguration section */

/* Begin XCConfigurationList section */
		9BC786FD1B14A93E00E8AB9F /* Build configuration list for PBXProject "SpeakLine" */ = {
			isa = XCConfigurationList;
			buildConfigurations = (
				9BC7871A1B14A93E00E8AB9F /* Debug */,
				9BC7871B1B14A93E00E8AB9F /* Release */,
			);
			defaultConfigurationIsVisible = 0;
			defaultConfigurationName = Release;
		};
		9BC7871C1B14A93E00E8AB9F /* Build configuration list for PBXNativeTarget "SpeakLine" */ = {
			isa = XCConfigurationList;
			buildConfigurations = (
				9BC7871D1B14A93E00E8AB9F /* Debug */,
				9BC7871E1B14A93E00E8AB9F /* Release */,
			);
			defaultConfigurationIsVisible = 0;
		};
		9BC7871F1B14A93E00E8AB9F /* Build configuration list for PBXNativeTarget "SpeakLineTests" */ = {
			isa = XCConfigurationList;
			buildConfigurations = (
				9BC787201B14A93E00E8AB9F /* Debug */,
				9BC787211B14A93E00E8AB9F /* Release */,
			);
			defaultConfigurationIsVisible = 0;
		};
/* End XCConfigurationList section */
	};
	rootObject = 9BC786FA1B14A93E00E8AB9F /* Project object */;
}
